
Microsoft Visual Studio Solution File, Format Version 12.00
# Visual Studio Version 16
VisualStudioVersion = 16.0.29215.179
MinimumVisualStudioVersion = 10.0.40219.1
Project("{FAE04EC0-301F-11D3-BF4B-00C04F79EFBC}") = "TextWizard", "TextWizard\TextWizard.csproj", "{B0615321-57F6-4C58-991D-D2AECC56B755}"
EndProject
Global
	GlobalSection(SolutionConfigurationPlatforms) = preSolution
		Debug|Any CPU = Debug|Any CPU
		Release|Any CPU = Release|Any CPU
	EndGlobalSection
	GlobalSection(ProjectConfigurationPlatforms) = postSolution
		{B0615321-57F6-4C58-991D-D2AECC56B755}.Debug|Any CPU.ActiveCfg = Debug|Any CPU
		{B0615321-57F6-4C58-991D-D2AECC56B755}.Debug|Any CPU.Build.0 = Debug|Any CPU
		{B0615321-57F6-4C58-991D-D2AECC56B755}.Release|Any CPU.ActiveCfg = Release|Any CPU
		{B0615321-57F6-4C58-991D-D2AECC56B755}.Release|Any CPU.Build.0 = Release|Any CPU
	EndGlobalSection
	GlobalSection(SolutionProperties) = preSolution
		HideSolutionNode = FALSE
	EndGlobalSection
	GlobalSection(ExtensibilityGlobals) = postSolution
		SolutionGuid = {88C24A8D-1BCF-43BC-9054-6C9E1937D679}
	EndGlobalSection
EndGlobal
